
Microsoft Visual Studio Solution File, Format Version 12.00
# Visual Studio 14
VisualStudioVersion = 14.0.25420.1
MinimumVisualStudioVersion = 10.0.40219.1
Project("{FAE04EC0-301F-11D3-BF4B-00C04F79EFBC}") = "teht01", "teht01\teht01.csproj", "{D059EEC8-F16F-4899-9D64-60E246C3411F}"
EndProject
Project("{FAE04EC0-301F-11D3-BF4B-00C04F79EFBC}") = "teht01b", "teht01b\teht01b.csproj", "{19477B55-5B1B-4AD9-A25B-43E7E4CC8956}"
EndProject
Project("{FAE04EC0-301F-11D3-BF4B-00C04F79EFBC}") = "teht02", "teht02\teht02.csproj", "{89FF4C89-E983-4A2C-9536-7B172332DAFB}"
EndProject
Project("{FAE04EC0-301F-11D3-BF4B-00C04F79EFBC}") = "teht03", "teht03\teht03.csproj", "{18B9FB13-D930-4EF7-A322-3C1EC5E28789}"
EndProject
Project("{FAE04EC0-301F-11D3-BF4B-00C04F79EFBC}") = "teht04", "teht04\teht04.csproj", "{0C2ED375-9BD9-49E8-B8E2-0EE22FFF59F1}"
EndProject
Project("{FAE04EC0-301F-11D3-BF4B-00C04F79EFBC}") = "teht05", "teht05\teht05.csproj", "{D9F5C47C-5DF9-4405-82FE-F033C87B5456}"
EndProject
Project("{FAE04EC0-301F-11D3-BF4B-00C04F79EFBC}") = "teht06", "teht06\teht06.csproj", "{21AE0418-C617-4D5A-9D9D-C48B611F6AEC}"
EndProject
Project("{FAE04EC0-301F-11D3-BF4B-00C04F79EFBC}") = "teht07", "teht07\teht07.csproj", "{C35BA14E-B40D-4C3D-BEC1-B05F10219D85}"
EndProject
Project("{FAE04EC0-301F-11D3-BF4B-00C04F79EFBC}") = "teht08", "teht08\teht08.csproj", "{8AB14E09-6290-4B64-B8E4-34D0E64A93C7}"
EndProject
Project("{FAE04EC0-301F-11D3-BF4B-00C04F79EFBC}") = "teht09", "teht09\teht09.csproj", "{D96329BF-643C-410D-9958-B0298EE6186E}"
EndProject
Global
	GlobalSection(SolutionConfigurationPlatforms) = preSolution
		Debug|Any CPU = Debug|Any CPU
		Release|Any CPU = Release|Any CPU
	EndGlobalSection
	GlobalSection(ProjectConfigurationPlatforms) = postSolution
		{D059EEC8-F16F-4899-9D64-60E246C3411F}.Debug|Any CPU.ActiveCfg = Debug|Any CPU
		{D059EEC8-F16F-4899-9D64-60E246C3411F}.Debug|Any CPU.Build.0 = Debug|Any CPU
		{D059EEC8-F16F-4899-9D64-60E246C3411F}.Release|Any CPU.ActiveCfg = Release|Any CPU
		{D059EEC8-F16F-4899-9D64-60E246C3411F}.Release|Any CPU.Build.0 = Release|Any CPU
		{19477B55-5B1B-4AD9-A25B-43E7E4CC8956}.Debug|Any CPU.ActiveCfg = Debug|Any CPU
		{19477B55-5B1B-4AD9-A25B-43E7E4CC8956}.Debug|Any CPU.Build.0 = Debug|Any CPU
		{19477B55-5B1B-4AD9-A25B-43E7E4CC8956}.Release|Any CPU.ActiveCfg = Release|Any CPU
		{19477B55-5B1B-4AD9-A25B-43E7E4CC8956}.Release|Any CPU.Build.0 = Release|Any CPU
		{89FF4C89-E983-4A2C-9536-7B172332DAFB}.Debug|Any CPU.ActiveCfg = Debug|Any CPU
		{89FF4C89-E983-4A2C-9536-7B172332DAFB}.Debug|Any CPU.Build.0 = Debug|Any CPU
		{89FF4C89-E983-4A2C-9536-7B172332DAFB}.Release|Any CPU.ActiveCfg = Release|Any CPU
		{89FF4C89-E983-4A2C-9536-7B172332DAFB}.Release|Any CPU.Build.0 = Release|Any CPU
		{18B9FB13-D930-4EF7-A322-3C1EC5E28789}.Debug|Any CPU.ActiveCfg = Debug|Any CPU
		{18B9FB13-D930-4EF7-A322-3C1EC5E28789}.Debug|Any CPU.Build.0 = Debug|Any CPU
		{18B9FB13-D930-4EF7-A322-3C1EC5E28789}.Release|Any CPU.ActiveCfg = Release|Any CPU
		{18B9FB13-D930-4EF7-A322-3C1EC5E28789}.Release|Any CPU.Build.0 = Release|Any CPU
		{0C2ED375-9BD9-49E8-B8E2-0EE22FFF59F1}.Debug|Any CPU.ActiveCfg = Debug|Any CPU
		{0C2ED375-9BD9-49E8-B8E2-0EE22FFF59F1}.Debug|Any CPU.Build.0 = Debug|Any CPU
		{0C2ED375-9BD9-49E8-B8E2-0EE22FFF59F1}.Release|Any CPU.ActiveCfg = Release|Any CPU
		{0C2ED375-9BD9-49E8-B8E2-0EE22FFF59F1}.Release|Any CPU.Build.0 = Release|Any CPU
		{D9F5C47C-5DF9-4405-82FE-F033C87B5456}.Debug|Any CPU.ActiveCfg = Debug|Any CPU
		{D9F5C47C-5DF9-4405-82FE-F033C87B5456}.Debug|Any CPU.Build.0 = Debug|Any CPU
		{D9F5C47C-5DF9-4405-82FE-F033C87B5456}.Release|Any CPU.ActiveCfg = Release|Any CPU
		{D9F5C47C-5DF9-4405-82FE-F033C87B5456}.Release|Any CPU.Build.0 = Release|Any CPU
		{21AE0418-C617-4D5A-9D9D-C48B611F6AEC}.Debug|Any CPU.ActiveCfg = Debug|Any CPU
		{21AE0418-C617-4D5A-9D9D-C48B611F6AEC}.Debug|Any CPU.Build.0 = Debug|Any CPU
		{21AE0418-C617-4D5A-9D9D-C48B611F6AEC}.Release|Any CPU.ActiveCfg = Release|Any CPU
		{21AE0418-C617-4D5A-9D9D-C48B611F6AEC}.Release|Any CPU.Build.0 = Release|Any CPU
		{C35BA14E-B40D-4C3D-BEC1-B05F10219D85}.Debug|Any CPU.ActiveCfg = Debug|Any CPU
		{C35BA14E-B40D-4C3D-BEC1-B05F10219D85}.Debug|Any CPU.Build.0 = Debug|Any CPU
		{C35BA14E-B40D-4C3D-BEC1-B05F10219D85}.Release|Any CPU.ActiveCfg = Release|Any CPU
		{C35BA14E-B40D-4C3D-BEC1-B05F10219D85}.Release|Any CPU.Build.0 = Release|Any CPU
		{8AB14E09-6290-4B64-B8E4-34D0E64A93C7}.Debug|Any CPU.ActiveCfg = Debug|Any CPU
		{8AB14E09-6290-4B64-B8E4-34D0E64A93C7}.Debug|Any CPU.Build.0 = Debug|Any CPU
		{8AB14E09-6290-4B64-B8E4-34D0E64A93C7}.Release|Any CPU.ActiveCfg = Release|Any CPU
		{8AB14E09-6290-4B64-B8E4-34D0E64A93C7}.Release|Any CPU.Build.0 = Release|Any CPU
		{D96329BF-643C-410D-9958-B0298EE6186E}.Debug|Any CPU.ActiveCfg = Debug|Any CPU
		{D96329BF-643C-410D-9958-B0298EE6186E}.Debug|Any CPU.Build.0 = Debug|Any CPU
		{D96329BF-643C-410D-9958-B0298EE6186E}.Release|Any CPU.ActiveCfg = Release|Any CPU
		{D96329BF-643C-410D-9958-B0298EE6186E}.Release|Any CPU.Build.0 = Release|Any CPU
	EndGlobalSection
	GlobalSection(SolutionProperties) = preSolution
		HideSolutionNode = FALSE
	EndGlobalSection
EndGlobal
